
Microsoft Visual Studio Solution File, Format Version 12.00
# Visual Studio Version 17
VisualStudioVersion = 17.0.31903.59
MinimumVisualStudioVersion = 10.0.40219.1
Project("{2150E333-8FDC-42A3-9474-1A3956D46DE8}") = "src", "src", "{A1B2C3D4-E5F6-7890-ABCD-EF1234567890}"
EndProject
Project("{2150E333-8FDC-42A3-9474-1A3956D46DE8}") = "tests", "tests", "{B2C3D4E5-F6A7-8901-BCDE-F12345678901}"
EndProject
Project("{2150E333-8FDC-42A3-9474-1A3956D46DE8}") = "samples", "samples", "{C3D4E5F6-A7B8-9012-CDEF-123456789012}"
EndProject
Project("{FAE04EC0-301F-11D3-BF4B-00C04F79EFBC}") = "Dekaf", "src\Dekaf\Dekaf.csproj", "{D4E5F6A7-B8C9-0123-DEF0-234567890ABC}"
EndProject
Project("{FAE04EC0-301F-11D3-BF4B-00C04F79EFBC}") = "Dekaf.Serialization.Json", "src\Dekaf.Serialization.Json\Dekaf.Serialization.Json.csproj", "{E5F6A7B8-C9D0-1234-EF01-34567890ABCD}"
EndProject
Project("{FAE04EC0-301F-11D3-BF4B-00C04F79EFBC}") = "Dekaf.Compression.Zstd", "src\Dekaf.Compression.Zstd\Dekaf.Compression.Zstd.csproj", "{F6A7B8C9-D0E1-2345-F012-4567890ABCDE}"
EndProject
Project("{FAE04EC0-301F-11D3-BF4B-00C04F79EFBC}") = "Dekaf.Extensions.DependencyInjection", "src\Dekaf.Extensions.DependencyInjection\Dekaf.Extensions.DependencyInjection.csproj", "{A7B8C9D0-E1F2-3456-0123-567890ABCDEF}"
EndProject
Project("{FAE04EC0-301F-11D3-BF4B-00C04F79EFBC}") = "Dekaf.Extensions.Hosting", "src\Dekaf.Extensions.Hosting\Dekaf.Extensions.Hosting.csproj", "{B8C9D0E1-F2A3-4567-1234-67890ABCDEF0}"
EndProject
Project("{FAE04EC0-301F-11D3-BF4B-00C04F79EFBC}") = "Dekaf.Tests.Unit", "tests\Dekaf.Tests.Unit\Dekaf.Tests.Unit.csproj", "{C9D0E1F2-A3B4-5678-2345-7890ABCDEF01}"
EndProject
Project("{FAE04EC0-301F-11D3-BF4B-00C04F79EFBC}") = "Dekaf.Tests.Integration", "tests\Dekaf.Tests.Integration\Dekaf.Tests.Integration.csproj", "{D0E1F2A3-B4C5-6789-3456-890ABCDEF012}"
EndProject
Project("{2150E333-8FDC-42A3-9474-1A3956D46DE8}") = "tools", "tools", "{07C2787E-EAC7-C090-1BA3-A61EC2A24D84}"
EndProject
Project("{FAE04EC0-301F-11D3-BF4B-00C04F79EFBC}") = "Dekaf.Benchmarks", "tools\Dekaf.Benchmarks\Dekaf.Benchmarks.csproj", "{2B23AEC5-2064-46ED-B044-05BFA3CB140E}"
EndProject
Project("{FAE04EC0-301F-11D3-BF4B-00C04F79EFBC}") = "Dekaf.SchemaRegistry", "src\Dekaf.SchemaRegistry\Dekaf.SchemaRegistry.csproj", "{E7330FE7-5836-4CB2-AE26-BC08EC560B68}"
EndProject
Project("{FAE04EC0-301F-11D3-BF4B-00C04F79EFBC}") = "Dekaf.SchemaRegistry.Protobuf", "src\Dekaf.SchemaRegistry.Protobuf\Dekaf.SchemaRegistry.Protobuf.csproj", "{231964F6-569F-4E34-86DF-BDAA21D27468}"
EndProject
Project("{FAE04EC0-301F-11D3-BF4B-00C04F79EFBC}") = "Dekaf.Compression.Lz4", "src\Dekaf.Compression.Lz4\Dekaf.Compression.Lz4.csproj", "{D4294249-1660-4F97-9E8F-ABB90469EB11}"
EndProject
Project("{FAE04EC0-301F-11D3-BF4B-00C04F79EFBC}") = "Dekaf.SchemaRegistry.Avro", "src\Dekaf.SchemaRegistry.Avro\Dekaf.SchemaRegistry.Avro.csproj", "{74B6A7F4-8E98-40F6-9BB3-2CCB2F097592}"
EndProject
Project("{FAE04EC0-301F-11D3-BF4B-00C04F79EFBC}") = "Dekaf.Pipeline", "tools\Dekaf.Pipeline\Dekaf.Pipeline.csproj", "{B7A23778-2EAD-43F8-8603-B14423F868E7}"
EndProject
Project("{FAE04EC0-301F-11D3-BF4B-00C04F79EFBC}") = "Dekaf.Compression.Snappy", "src\Dekaf.Compression.Snappy\Dekaf.Compression.Snappy.csproj", "{6ECC2C9B-E409-4644-9C16-1ECA1736F7F4}"
EndProject
Global
	GlobalSection(SolutionConfigurationPlatforms) = preSolution
		Debug|Any CPU = Debug|Any CPU
		Debug|x64 = Debug|x64
		Debug|x86 = Debug|x86
		Release|Any CPU = Release|Any CPU
		Release|x64 = Release|x64
		Release|x86 = Release|x86
	EndGlobalSection
	GlobalSection(ProjectConfigurationPlatforms) = postSolution
		{D4E5F6A7-B8C9-0123-DEF0-234567890ABC}.Debug|Any CPU.ActiveCfg = Debug|Any CPU
		{D4E5F6A7-B8C9-0123-DEF0-234567890ABC}.Debug|Any CPU.Build.0 = Debug|Any CPU
		{D4E5F6A7-B8C9-0123-DEF0-234567890ABC}.Debug|x64.ActiveCfg = Debug|Any CPU
		{D4E5F6A7-B8C9-0123-DEF0-234567890ABC}.Debug|x64.Build.0 = Debug|Any CPU
		{D4E5F6A7-B8C9-0123-DEF0-234567890ABC}.Debug|x86.ActiveCfg = Debug|Any CPU
		{D4E5F6A7-B8C9-0123-DEF0-234567890ABC}.Debug|x86.Build.0 = Debug|Any CPU
		{D4E5F6A7-B8C9-0123-DEF0-234567890ABC}.Release|Any CPU.ActiveCfg = Release|Any CPU
		{D4E5F6A7-B8C9-0123-DEF0-234567890ABC}.Release|Any CPU.Build.0 = Release|Any CPU
		{D4E5F6A7-B8C9-0123-DEF0-234567890ABC}.Release|x64.ActiveCfg = Release|Any CPU
		{D4E5F6A7-B8C9-0123-DEF0-234567890ABC}.Release|x64.Build.0 = Release|Any CPU
		{D4E5F6A7-B8C9-0123-DEF0-234567890ABC}.Release|x86.ActiveCfg = Release|Any CPU
		{D4E5F6A7-B8C9-0123-DEF0-234567890ABC}.Release|x86.Build.0 = Release|Any CPU
		{E5F6A7B8-C9D0-1234-EF01-34567890ABCD}.Debug|Any CPU.ActiveCfg = Debug|Any CPU
		{E5F6A7B8-C9D0-1234-EF01-34567890ABCD}.Debug|Any CPU.Build.0 = Debug|Any CPU
		{E5F6A7B8-C9D0-1234-EF01-34567890ABCD}.Debug|x64.ActiveCfg = Debug|Any CPU
		{E5F6A7B8-C9D0-1234-EF01-34567890ABCD}.Debug|x64.Build.0 = Debug|Any CPU
		{E5F6A7B8-C9D0-1234-EF01-34567890ABCD}.Debug|x86.ActiveCfg = Debug|Any CPU
		{E5F6A7B8-C9D0-1234-EF01-34567890ABCD}.Debug|x86.Build.0 = Debug|Any CPU
		{E5F6A7B8-C9D0-1234-EF01-34567890ABCD}.Release|Any CPU.ActiveCfg = Release|Any CPU
		{E5F6A7B8-C9D0-1234-EF01-34567890ABCD}.Release|Any CPU.Build.0 = Release|Any CPU
		{E5F6A7B8-C9D0-1234-EF01-34567890ABCD}.Release|x64.ActiveCfg = Release|Any CPU
		{E5F6A7B8-C9D0-1234-EF01-34567890ABCD}.Release|x64.Build.0 = Release|Any CPU
		{E5F6A7B8-C9D0-1234-EF01-34567890ABCD}.Release|x86.ActiveCfg = Release|Any CPU
		{E5F6A7B8-C9D0-1234-EF01-34567890ABCD}.Release|x86.Build.0 = Release|Any CPU
		{F6A7B8C9-D0E1-2345-F012-4567890ABCDE}.Debug|Any CPU.ActiveCfg = Debug|Any CPU
		{F6A7B8C9-D0E1-2345-F012-4567890ABCDE}.Debug|Any CPU.Build.0 = Debug|Any CPU
		{F6A7B8C9-D0E1-2345-F012-4567890ABCDE}.Debug|x64.ActiveCfg = Debug|Any CPU
		{F6A7B8C9-D0E1-2345-F012-4567890ABCDE}.Debug|x64.Build.0 = Debug|Any CPU
		{F6A7B8C9-D0E1-2345-F012-4567890ABCDE}.Debug|x86.ActiveCfg = Debug|Any CPU
		{F6A7B8C9-D0E1-2345-F012-4567890ABCDE}.Debug|x86.Build.0 = Debug|Any CPU
		{F6A7B8C9-D0E1-2345-F012-4567890ABCDE}.Release|Any CPU.ActiveCfg = Release|Any CPU
		{F6A7B8C9-D0E1-2345-F012-4567890ABCDE}.Release|Any CPU.Build.0 = Release|Any CPU
		{F6A7B8C9-D0E1-2345-F012-4567890ABCDE}.Release|x64.ActiveCfg = Release|Any CPU
		{F6A7B8C9-D0E1-2345-F012-4567890ABCDE}.Release|x64.Build.0 = Release|Any CPU
		{F6A7B8C9-D0E1-2345-F012-4567890ABCDE}.Release|x86.ActiveCfg = Release|Any CPU
		{F6A7B8C9-D0E1-2345-F012-4567890ABCDE}.Release|x86.Build.0 = Release|Any CPU
		{A7B8C9D0-E1F2-3456-0123-567890ABCDEF}.Debug|Any CPU.ActiveCfg = Debug|Any CPU
		{A7B8C9D0-E1F2-3456-0123-567890ABCDEF}.Debug|Any CPU.Build.0 = Debug|Any CPU
		{A7B8C9D0-E1F2-3456-0123-567890ABCDEF}.Debug|x64.ActiveCfg = Debug|Any CPU
		{A7B8C9D0-E1F2-3456-0123-567890ABCDEF}.Debug|x64.Build.0 = Debug|Any CPU
		{A7B8C9D0-E1F2-3456-0123-567890ABCDEF}.Debug|x86.ActiveCfg = Debug|Any CPU
		{A7B8C9D0-E1F2-3456-0123-567890ABCDEF}.Debug|x86.Build.0 = Debug|Any CPU
		{A7B8C9D0-E1F2-3456-0123-567890ABCDEF}.Release|Any CPU.ActiveCfg = Release|Any CPU
		{A7B8C9D0-E1F2-3456-0123-567890ABCDEF}.Release|Any CPU.Build.0 = Release|Any CPU
		{A7B8C9D0-E1F2-3456-0123-567890ABCDEF}.Release|x64.ActiveCfg = Release|Any CPU
		{A7B8C9D0-E1F2-3456-0123-567890ABCDEF}.Release|x64.Build.0 = Release|Any CPU
		{A7B8C9D0-E1F2-3456-0123-567890ABCDEF}.Release|x86.ActiveCfg = Release|Any CPU
		{A7B8C9D0-E1F2-3456-0123-567890ABCDEF}.Release|x86.Build.0 = Release|Any CPU
		{B8C9D0E1-F2A3-4567-1234-67890ABCDEF0}.Debug|Any CPU.ActiveCfg = Debug|Any CPU
		{B8C9D0E1-F2A3-4567-1234-67890ABCDEF0}.Debug|Any CPU.Build.0 = Debug|Any CPU
		{B8C9D0E1-F2A3-4567-1234-67890ABCDEF0}.Debug|x64.ActiveCfg = Debug|Any CPU
		{B8C9D0E1-F2A3-4567-1234-67890ABCDEF0}.Debug|x64.Build.0 = Debug|Any CPU
		{B8C9D0E1-F2A3-4567-1234-67890ABCDEF0}.Debug|x86.ActiveCfg = Debug|Any CPU
		{B8C9D0E1-F2A3-4567-1234-67890ABCDEF0}.Debug|x86.Build.0 = Debug|Any CPU
		{B8C9D0E1-F2A3-4567-1234-67890ABCDEF0}.Release|Any CPU.ActiveCfg = Release|Any CPU
		{B8C9D0E1-F2A3-4567-1234-67890ABCDEF0}.Release|Any CPU.Build.0 = Release|Any CPU
		{B8C9D0E1-F2A3-4567-1234-67890ABCDEF0}.Release|x64.ActiveCfg = Release|Any CPU
		{B8C9D0E1-F2A3-4567-1234-67890ABCDEF0}.Release|x64.Build.0 = Release|Any CPU
		{B8C9D0E1-F2A3-4567-1234-67890ABCDEF0}.Release|x86.ActiveCfg = Release|Any CPU
		{B8C9D0E1-F2A3-4567-1234-67890ABCDEF0}.Release|x86.Build.0 = Release|Any CPU
		{C9D0E1F2-A3B4-5678-2345-7890ABCDEF01}.Debug|Any CPU.ActiveCfg = Debug|Any CPU
		{C9D0E1F2-A3B4-5678-2345-7890ABCDEF01}.Debug|Any CPU.Build.0 = Debug|Any CPU
		{C9D0E1F2-A3B4-5678-2345-7890ABCDEF01}.Debug|x64.ActiveCfg = Debug|Any CPU
		{C9D0E1F2-A3B4-5678-2345-7890ABCDEF01}.Debug|x64.Build.0 = Debug|Any CPU
		{C9D0E1F2-A3B4-5678-2345-7890ABCDEF01}.Debug|x86.ActiveCfg = Debug|Any CPU
		{C9D0E1F2-A3B4-5678-2345-7890ABCDEF01}.Debug|x86.Build.0 = Debug|Any CPU
		{C9D0E1F2-A3B4-5678-2345-7890ABCDEF01}.Release|Any CPU.ActiveCfg = Release|Any CPU
		{C9D0E1F2-A3B4-5678-2345-7890ABCDEF01}.Release|Any CPU.Build.0 = Release|Any CPU
		{C9D0E1F2-A3B4-5678-2345-7890ABCDEF01}.Release|x64.ActiveCfg = Release|Any CPU
		{C9D0E1F2-A3B4-5678-2345-7890ABCDEF01}.Release|x64.Build.0 = Release|Any CPU
		{C9D0E1F2-A3B4-5678-2345-7890ABCDEF01}.Release|x86.ActiveCfg = Release|Any CPU
		{C9D0E1F2-A3B4-5678-2345-7890ABCDEF01}.Release|x86.Build.0 = Release|Any CPU
		{D0E1F2A3-B4C5-6789-3456-890ABCDEF012}.Debug|Any CPU.ActiveCfg = Debug|Any CPU
		{D0E1F2A3-B4C5-6789-3456-890ABCDEF012}.Debug|Any CPU.Build.0 = Debug|Any CPU
		{D0E1F2A3-B4C5-6789-3456-890ABCDEF012}.Debug|x64.ActiveCfg = Debug|Any CPU
		{D0E1F2A3-B4C5-6789-3456-890ABCDEF012}.Debug|x64.Build.0 = Debug|Any CPU
		{D0E1F2A3-B4C5-6789-3456-890ABCDEF012}.Debug|x86.ActiveCfg = Debug|Any CPU
		{D0E1F2A3-B4C5-6789-3456-890ABCDEF012}.Debug|x86.Build.0 = Debug|Any CPU
		{D0E1F2A3-B4C5-6789-3456-890ABCDEF012}.Release|Any CPU.ActiveCfg = Release|Any CPU
		{D0E1F2A3-B4C5-6789-3456-890ABCDEF012}.Release|Any CPU.Build.0 = Release|Any CPU
		{D0E1F2A3-B4C5-6789-3456-890ABCDEF012}.Release|x64.ActiveCfg = Release|Any CPU
		{D0E1F2A3-B4C5-6789-3456-890ABCDEF012}.Release|x64.Build.0 = Release|Any CPU
		{D0E1F2A3-B4C5-6789-3456-890ABCDEF012}.Release|x86.ActiveCfg = Release|Any CPU
		{D0E1F2A3-B4C5-6789-3456-890ABCDEF012}.Release|x86.Build.0 = Release|Any CPU
		{2B23AEC5-2064-46ED-B044-05BFA3CB140E}.Debug|Any CPU.ActiveCfg = Debug|Any CPU
		{2B23AEC5-2064-46ED-B044-05BFA3CB140E}.Debug|Any CPU.Build.0 = Debug|Any CPU
		{2B23AEC5-2064-46ED-B044-05BFA3CB140E}.Debug|x64.ActiveCfg = Debug|Any CPU
		{2B23AEC5-2064-46ED-B044-05BFA3CB140E}.Debug|x64.Build.0 = Debug|Any CPU
		{2B23AEC5-2064-46ED-B044-05BFA3CB140E}.Debug|x86.ActiveCfg = Debug|Any CPU
		{2B23AEC5-2064-46ED-B044-05BFA3CB140E}.Debug|x86.Build.0 = Debug|Any CPU
		{2B23AEC5-2064-46ED-B044-05BFA3CB140E}.Release|Any CPU.ActiveCfg = Release|Any CPU
		{2B23AEC5-2064-46ED-B044-05BFA3CB140E}.Release|Any CPU.Build.0 = Release|Any CPU
		{2B23AEC5-2064-46ED-B044-05BFA3CB140E}.Release|x64.ActiveCfg = Release|Any CPU
		{2B23AEC5-2064-46ED-B044-05BFA3CB140E}.Release|x64.Build.0 = Release|Any CPU
		{2B23AEC5-2064-46ED-B044-05BFA3CB140E}.Release|x86.ActiveCfg = Release|Any CPU
		{2B23AEC5-2064-46ED-B044-05BFA3CB140E}.Release|x86.Build.0 = Release|Any CPU
		{E7330FE7-5836-4CB2-AE26-BC08EC560B68}.Debug|Any CPU.ActiveCfg = Debug|Any CPU
		{E7330FE7-5836-4CB2-AE26-BC08EC560B68}.Debug|Any CPU.Build.0 = Debug|Any CPU
		{E7330FE7-5836-4CB2-AE26-BC08EC560B68}.Debug|x64.ActiveCfg = Debug|Any CPU
		{E7330FE7-5836-4CB2-AE26-BC08EC560B68}.Debug|x64.Build.0 = Debug|Any CPU
		{E7330FE7-5836-4CB2-AE26-BC08EC560B68}.Debug|x86.ActiveCfg = Debug|Any CPU
		{E7330FE7-5836-4CB2-AE26-BC08EC560B68}.Debug|x86.Build.0 = Debug|Any CPU
		{E7330FE7-5836-4CB2-AE26-BC08EC560B68}.Release|Any CPU.ActiveCfg = Release|Any CPU
		{E7330FE7-5836-4CB2-AE26-BC08EC560B68}.Release|Any CPU.Build.0 = Release|Any CPU
		{E7330FE7-5836-4CB2-AE26-BC08EC560B68}.Release|x64.ActiveCfg = Release|Any CPU
		{E7330FE7-5836-4CB2-AE26-BC08EC560B68}.Release|x64.Build.0 = Release|Any CPU
		{E7330FE7-5836-4CB2-AE26-BC08EC560B68}.Release|x86.ActiveCfg = Release|Any CPU
		{E7330FE7-5836-4CB2-AE26-BC08EC560B68}.Release|x86.Build.0 = Release|Any CPU
		{231964F6-569F-4E34-86DF-BDAA21D27468}.Debug|Any CPU.ActiveCfg = Debug|Any CPU
		{231964F6-569F-4E34-86DF-BDAA21D27468}.Debug|Any CPU.Build.0 = Debug|Any CPU
		{231964F6-569F-4E34-86DF-BDAA21D27468}.Debug|x64.ActiveCfg = Debug|Any CPU
		{231964F6-569F-4E34-86DF-BDAA21D27468}.Debug|x64.Build.0 = Debug|Any CPU
		{231964F6-569F-4E34-86DF-BDAA21D27468}.Debug|x86.ActiveCfg = Debug|Any CPU
		{231964F6-569F-4E34-86DF-BDAA21D27468}.Debug|x86.Build.0 = Debug|Any CPU
		{231964F6-569F-4E34-86DF-BDAA21D27468}.Release|Any CPU.ActiveCfg = Release|Any CPU
		{231964F6-569F-4E34-86DF-BDAA21D27468}.Release|Any CPU.Build.0 = Release|Any CPU
		{231964F6-569F-4E34-86DF-BDAA21D27468}.Release|x64.ActiveCfg = Release|Any CPU
		{231964F6-569F-4E34-86DF-BDAA21D27468}.Release|x64.Build.0 = Release|Any CPU
		{231964F6-569F-4E34-86DF-BDAA21D27468}.Release|x86.ActiveCfg = Release|Any CPU
		{231964F6-569F-4E34-86DF-BDAA21D27468}.Release|x86.Build.0 = Release|Any CPU
		{D4294249-1660-4F97-9E8F-ABB90469EB11}.Debug|Any CPU.ActiveCfg = Debug|Any CPU
		{D4294249-1660-4F97-9E8F-ABB90469EB11}.Debug|Any CPU.Build.0 = Debug|Any CPU
		{D4294249-1660-4F97-9E8F-ABB90469EB11}.Debug|x64.ActiveCfg = Debug|Any CPU
		{D4294249-1660-4F97-9E8F-ABB90469EB11}.Debug|x64.Build.0 = Debug|Any CPU
		{D4294249-1660-4F97-9E8F-ABB90469EB11}.Debug|x86.ActiveCfg = Debug|Any CPU
		{D4294249-1660-4F97-9E8F-ABB90469EB11}.Debug|x86.Build.0 = Debug|Any CPU
		{D4294249-1660-4F97-9E8F-ABB90469EB11}.Release|Any CPU.ActiveCfg = Release|Any CPU
		{D4294249-1660-4F97-9E8F-ABB90469EB11}.Release|Any CPU.Build.0 = Release|Any CPU
		{D4294249-1660-4F97-9E8F-ABB90469EB11}.Release|x64.ActiveCfg = Release|Any CPU
		{D4294249-1660-4F97-9E8F-ABB90469EB11}.Release|x64.Build.0 = Release|Any CPU
		{D4294249-1660-4F97-9E8F-ABB90469EB11}.Release|x86.ActiveCfg = Release|Any CPU
		{D4294249-1660-4F97-9E8F-ABB90469EB11}.Release|x86.Build.0 = Release|Any CPU
		{74B6A7F4-8E98-40F6-9BB3-2CCB2F097592}.Debug|Any CPU.ActiveCfg = Debug|Any CPU
		{74B6A7F4-8E98-40F6-9BB3-2CCB2F097592}.Debug|Any CPU.Build.0 = Debug|Any CPU
		{74B6A7F4-8E98-40F6-9BB3-2CCB2F097592}.Debug|x64.ActiveCfg = Debug|Any CPU
		{74B6A7F4-8E98-40F6-9BB3-2CCB2F097592}.Debug|x64.Build.0 = Debug|Any CPU
		{74B6A7F4-8E98-40F6-9BB3-2CCB2F097592}.Debug|x86.ActiveCfg = Debug|Any CPU
		{74B6A7F4-8E98-40F6-9BB3-2CCB2F097592}.Debug|x86.Build.0 = Debug|Any CPU
		{74B6A7F4-8E98-40F6-9BB3-2CCB2F097592}.Release|Any CPU.ActiveCfg = Release|Any CPU
		{74B6A7F4-8E98-40F6-9BB3-2CCB2F097592}.Release|Any CPU.Build.0 = Release|Any CPU
		{74B6A7F4-8E98-40F6-9BB3-2CCB2F097592}.Release|x64.ActiveCfg = Release|Any CPU
		{74B6A7F4-8E98-40F6-9BB3-2CCB2F097592}.Release|x64.Build.0 = Release|Any CPU
		{74B6A7F4-8E98-40F6-9BB3-2CCB2F097592}.Release|x86.ActiveCfg = Release|Any CPU
		{74B6A7F4-8E98-40F6-9BB3-2CCB2F097592}.Release|x86.Build.0 = Release|Any CPU
		{B7A23778-2EAD-43F8-8603-B14423F868E7}.Debug|Any CPU.ActiveCfg = Debug|Any CPU
		{B7A23778-2EAD-43F8-8603-B14423F868E7}.Debug|Any CPU.Build.0 = Debug|Any CPU
		{B7A23778-2EAD-43F8-8603-B14423F868E7}.Debug|x64.ActiveCfg = Debug|Any CPU
		{B7A23778-2EAD-43F8-8603-B14423F868E7}.Debug|x64.Build.0 = Debug|Any CPU
		{B7A23778-2EAD-43F8-8603-B14423F868E7}.Debug|x86.ActiveCfg = Debug|Any CPU
		{B7A23778-2EAD-43F8-8603-B14423F868E7}.Debug|x86.Build.0 = Debug|Any CPU
		{B7A23778-2EAD-43F8-8603-B14423F868E7}.Release|Any CPU.ActiveCfg = Release|Any CPU
		{B7A23778-2EAD-43F8-8603-B14423F868E7}.Release|Any CPU.Build.0 = Release|Any CPU
		{B7A23778-2EAD-43F8-8603-B14423F868E7}.Release|x64.ActiveCfg = Release|Any CPU
		{B7A23778-2EAD-43F8-8603-B14423F868E7}.Release|x64.Build.0 = Release|Any CPU
		{B7A23778-2EAD-43F8-8603-B14423F868E7}.Release|x86.ActiveCfg = Release|Any CPU
		{B7A23778-2EAD-43F8-8603-B14423F868E7}.Release|x86.Build.0 = Release|Any CPU
		{6ECC2C9B-E409-4644-9C16-1ECA1736F7F4}.Debug|Any CPU.ActiveCfg = Debug|Any CPU
		{6ECC2C9B-E409-4644-9C16-1ECA1736F7F4}.Debug|Any CPU.Build.0 = Debug|Any CPU
		{6ECC2C9B-E409-4644-9C16-1ECA1736F7F4}.Debug|x64.ActiveCfg = Debug|Any CPU
		{6ECC2C9B-E409-4644-9C16-1ECA1736F7F4}.Debug|x64.Build.0 = Debug|Any CPU
		{6ECC2C9B-E409-4644-9C16-1ECA1736F7F4}.Debug|x86.ActiveCfg = Debug|Any CPU
		{6ECC2C9B-E409-4644-9C16-1ECA1736F7F4}.Debug|x86.Build.0 = Debug|Any CPU
		{6ECC2C9B-E409-4644-9C16-1ECA1736F7F4}.Release|Any CPU.ActiveCfg = Release|Any CPU
		{6ECC2C9B-E409-4644-9C16-1ECA1736F7F4}.Release|Any CPU.Build.0 = Release|Any CPU
		{6ECC2C9B-E409-4644-9C16-1ECA1736F7F4}.Release|x64.ActiveCfg = Release|Any CPU
		{6ECC2C9B-E409-4644-9C16-1ECA1736F7F4}.Release|x64.Build.0 = Release|Any CPU
		{6ECC2C9B-E409-4644-9C16-1ECA1736F7F4}.Release|x86.ActiveCfg = Release|Any CPU
		{6ECC2C9B-E409-4644-9C16-1ECA1736F7F4}.Release|x86.Build.0 = Release|Any CPU
	EndGlobalSection
	GlobalSection(SolutionProperties) = preSolution
		HideSolutionNode = FALSE
	EndGlobalSection
	GlobalSection(NestedProjects) = preSolution
		{D4E5F6A7-B8C9-0123-DEF0-234567890ABC} = {A1B2C3D4-E5F6-7890-ABCD-EF1234567890}
		{E5F6A7B8-C9D0-1234-EF01-34567890ABCD} = {A1B2C3D4-E5F6-7890-ABCD-EF1234567890}
		{F6A7B8C9-D0E1-2345-F012-4567890ABCDE} = {A1B2C3D4-E5F6-7890-ABCD-EF1234567890}
		{A7B8C9D0-E1F2-3456-0123-567890ABCDEF} = {A1B2C3D4-E5F6-7890-ABCD-EF1234567890}
		{B8C9D0E1-F2A3-4567-1234-67890ABCDEF0} = {A1B2C3D4-E5F6-7890-ABCD-EF1234567890}
		{C9D0E1F2-A3B4-5678-2345-7890ABCDEF01} = {B2C3D4E5-F6A7-8901-BCDE-F12345678901}
		{D0E1F2A3-B4C5-6789-3456-890ABCDEF012} = {B2C3D4E5-F6A7-8901-BCDE-F12345678901}
		{2B23AEC5-2064-46ED-B044-05BFA3CB140E} = {07C2787E-EAC7-C090-1BA3-A61EC2A24D84}
		{E7330FE7-5836-4CB2-AE26-BC08EC560B68} = {A1B2C3D4-E5F6-7890-ABCD-EF1234567890}
		{231964F6-569F-4E34-86DF-BDAA21D27468} = {A1B2C3D4-E5F6-7890-ABCD-EF1234567890}
		{D4294249-1660-4F97-9E8F-ABB90469EB11} = {A1B2C3D4-E5F6-7890-ABCD-EF1234567890}
		{74B6A7F4-8E98-40F6-9BB3-2CCB2F097592} = {A1B2C3D4-E5F6-7890-ABCD-EF1234567890}
		{B7A23778-2EAD-43F8-8603-B14423F868E7} = {07C2787E-EAC7-C090-1BA3-A61EC2A24D84}
		{6ECC2C9B-E409-4644-9C16-1ECA1736F7F4} = {A1B2C3D4-E5F6-7890-ABCD-EF1234567890}
	EndGlobalSection
EndGlobal
